
Microsoft Visual Studio Solution File, Format Version 12.00
# Visual Studio Version 17
VisualStudioVersion = 17.6.33815.320
MinimumVisualStudioVersion = 10.0.40219.1
Project("{FAE04EC0-301F-11D3-BF4B-00C04F79EFBC}") = "UAA14_I3_Ramsamy_Ewan", "UAA14_I3_Ramsamy_Ewan\UAA14_I3_Ramsamy_Ewan.csproj", "{050C378E-79E0-4E8F-BBEE-0B4FADB9602D}"
EndProject
Global
	GlobalSection(SolutionConfigurationPlatforms) = preSolution
		Debug|Any CPU = Debug|Any CPU
		Release|Any CPU = Release|Any CPU
	EndGlobalSection
	GlobalSection(ProjectConfigurationPlatforms) = postSolution
		{050C378E-79E0-4E8F-BBEE-0B4FADB9602D}.Debug|Any CPU.ActiveCfg = Debug|Any CPU
		{050C378E-79E0-4E8F-BBEE-0B4FADB9602D}.Debug|Any CPU.Build.0 = Debug|Any CPU
		{050C378E-79E0-4E8F-BBEE-0B4FADB9602D}.Release|Any CPU.ActiveCfg = Release|Any CPU
		{050C378E-79E0-4E8F-BBEE-0B4FADB9602D}.Release|Any CPU.Build.0 = Release|Any CPU
	EndGlobalSection
	GlobalSection(SolutionProperties) = preSolution
		HideSolutionNode = FALSE
	EndGlobalSection
	GlobalSection(ExtensibilityGlobals) = postSolution
		SolutionGuid = {F770DE26-7C72-4A49-B3B8-9568077A7068}
	EndGlobalSection
EndGlobal
